
Microsoft Visual Studio Solution File, Format Version 12.00
# Visual Studio 14
VisualStudioVersion = 14.0.23107.0
MinimumVisualStudioVersion = 10.0.40219.1
Project("{8BC9CEB8-8B4A-11D0-8D11-00A0C91BC942}") = "FileSystem", "FileSystem\FileSystem.vcxproj", "{5F5131AF-12F8-4918-8748-CD04352B4267}"
EndProject
Project("{8BC9CEB8-8B4A-11D0-8D11-00A0C91BC942}") = "FileMgrCom", "FileMgrCom\FileMgrCom.vcxproj", "{0E748E07-FFCB-4A92-8433-7485091B37F0}"
	ProjectSection(ProjectDependencies) = postProject
		{38A1D03D-7747-4F79-9539-358F1D1D8DD7} = {38A1D03D-7747-4F79-9539-358F1D1D8DD7}
		{5F5131AF-12F8-4918-8748-CD04352B4267} = {5F5131AF-12F8-4918-8748-CD04352B4267}
		{B35F28E8-B9B1-41E8-A587-BF504CF0C1E6} = {B35F28E8-B9B1-41E8-A587-BF504CF0C1E6}
	EndProjectSection
EndProject
Project("{8BC9CEB8-8B4A-11D0-8D11-00A0C91BC942}") = "Cpp11-BlockingQueue", "Cpp11-BlockingQueue\Cpp11-BlockingQueue.vcxproj", "{38A1D03D-7747-4F79-9539-358F1D1D8DD7}"
EndProject
Project("{8BC9CEB8-8B4A-11D0-8D11-00A0C91BC942}") = "Utilities", "Utilities\Utilities.vcxproj", "{B35F28E8-B9B1-41E8-A587-BF504CF0C1E6}"
EndProject
Project("{8BC9CEB8-8B4A-11D0-8D11-00A0C91BC942}") = "cppClient", "cppClient\cppClient.vcxproj", "{7BFED449-88BF-4D46-81C4-D294FF27A9E6}"
	ProjectSection(ProjectDependencies) = postProject
		{48512206-EB40-45A4-A697-A68D12C570EA} = {48512206-EB40-45A4-A697-A68D12C570EA}
		{0E748E07-FFCB-4A92-8433-7485091B37F0} = {0E748E07-FFCB-4A92-8433-7485091B37F0}
		{38A1D03D-7747-4F79-9539-358F1D1D8DD7} = {38A1D03D-7747-4F79-9539-358F1D1D8DD7}
		{5F5131AF-12F8-4918-8748-CD04352B4267} = {5F5131AF-12F8-4918-8748-CD04352B4267}
		{B35F28E8-B9B1-41E8-A587-BF504CF0C1E6} = {B35F28E8-B9B1-41E8-A587-BF504CF0C1E6}
	EndProjectSection
EndProject
Project("{8BC9CEB8-8B4A-11D0-8D11-00A0C91BC942}") = "TextSearchCom", "TextSearchCom\TextSearchCom.vcxproj", "{48512206-EB40-45A4-A697-A68D12C570EA}"
	ProjectSection(ProjectDependencies) = postProject
		{38A1D03D-7747-4F79-9539-358F1D1D8DD7} = {38A1D03D-7747-4F79-9539-358F1D1D8DD7}
		{5F5131AF-12F8-4918-8748-CD04352B4267} = {5F5131AF-12F8-4918-8748-CD04352B4267}
		{B35F28E8-B9B1-41E8-A587-BF504CF0C1E6} = {B35F28E8-B9B1-41E8-A587-BF504CF0C1E6}
	EndProjectSection
EndProject
Global
	GlobalSection(SolutionConfigurationPlatforms) = preSolution
		Debug|Any CPU = Debug|Any CPU
		Debug|x64 = Debug|x64
		Debug|x86 = Debug|x86
		Release|Any CPU = Release|Any CPU
		Release|x64 = Release|x64
		Release|x86 = Release|x86
	EndGlobalSection
	GlobalSection(ProjectConfigurationPlatforms) = postSolution
		{5F5131AF-12F8-4918-8748-CD04352B4267}.Debug|Any CPU.ActiveCfg = Debug|Win32
		{5F5131AF-12F8-4918-8748-CD04352B4267}.Debug|x64.ActiveCfg = Debug|x64
		{5F5131AF-12F8-4918-8748-CD04352B4267}.Debug|x64.Build.0 = Debug|x64
		{5F5131AF-12F8-4918-8748-CD04352B4267}.Debug|x86.ActiveCfg = Debug|Win32
		{5F5131AF-12F8-4918-8748-CD04352B4267}.Debug|x86.Build.0 = Debug|Win32
		{5F5131AF-12F8-4918-8748-CD04352B4267}.Release|Any CPU.ActiveCfg = Release|Win32
		{5F5131AF-12F8-4918-8748-CD04352B4267}.Release|x64.ActiveCfg = Release|x64
		{5F5131AF-12F8-4918-8748-CD04352B4267}.Release|x64.Build.0 = Release|x64
		{5F5131AF-12F8-4918-8748-CD04352B4267}.Release|x86.ActiveCfg = Release|Win32
		{5F5131AF-12F8-4918-8748-CD04352B4267}.Release|x86.Build.0 = Release|Win32
		{0E748E07-FFCB-4A92-8433-7485091B37F0}.Debug|Any CPU.ActiveCfg = Debug|Win32
		{0E748E07-FFCB-4A92-8433-7485091B37F0}.Debug|x64.ActiveCfg = Debug|x64
		{0E748E07-FFCB-4A92-8433-7485091B37F0}.Debug|x64.Build.0 = Debug|x64
		{0E748E07-FFCB-4A92-8433-7485091B37F0}.Debug|x86.ActiveCfg = Debug|Win32
		{0E748E07-FFCB-4A92-8433-7485091B37F0}.Debug|x86.Build.0 = Debug|Win32
		{0E748E07-FFCB-4A92-8433-7485091B37F0}.Release|Any CPU.ActiveCfg = Release|Win32
		{0E748E07-FFCB-4A92-8433-7485091B37F0}.Release|x64.ActiveCfg = Release|x64
		{0E748E07-FFCB-4A92-8433-7485091B37F0}.Release|x64.Build.0 = Release|x64
		{0E748E07-FFCB-4A92-8433-7485091B37F0}.Release|x86.ActiveCfg = Release|Win32
		{0E748E07-FFCB-4A92-8433-7485091B37F0}.Release|x86.Build.0 = Release|Win32
		{38A1D03D-7747-4F79-9539-358F1D1D8DD7}.Debug|Any CPU.ActiveCfg = Debug|Win32
		{38A1D03D-7747-4F79-9539-358F1D1D8DD7}.Debug|x64.ActiveCfg = Debug|Win32
		{38A1D03D-7747-4F79-9539-358F1D1D8DD7}.Debug|x86.ActiveCfg = Debug|Win32
		{38A1D03D-7747-4F79-9539-358F1D1D8DD7}.Debug|x86.Build.0 = Debug|Win32
		{38A1D03D-7747-4F79-9539-358F1D1D8DD7}.Release|Any CPU.ActiveCfg = Release|Win32
		{38A1D03D-7747-4F79-9539-358F1D1D8DD7}.Release|x64.ActiveCfg = Release|Win32
		{38A1D03D-7747-4F79-9539-358F1D1D8DD7}.Release|x86.ActiveCfg = Release|Win32
		{38A1D03D-7747-4F79-9539-358F1D1D8DD7}.Release|x86.Build.0 = Release|Win32
		{B35F28E8-B9B1-41E8-A587-BF504CF0C1E6}.Debug|Any CPU.ActiveCfg = Debug|Win32
		{B35F28E8-B9B1-41E8-A587-BF504CF0C1E6}.Debug|x64.ActiveCfg = Debug|x64
		{B35F28E8-B9B1-41E8-A587-BF504CF0C1E6}.Debug|x64.Build.0 = Debug|x64
		{B35F28E8-B9B1-41E8-A587-BF504CF0C1E6}.Debug|x86.ActiveCfg = Debug|Win32
		{B35F28E8-B9B1-41E8-A587-BF504CF0C1E6}.Debug|x86.Build.0 = Debug|Win32
		{B35F28E8-B9B1-41E8-A587-BF504CF0C1E6}.Release|Any CPU.ActiveCfg = Release|Win32
		{B35F28E8-B9B1-41E8-A587-BF504CF0C1E6}.Release|x64.ActiveCfg = Release|x64
		{B35F28E8-B9B1-41E8-A587-BF504CF0C1E6}.Release|x64.Build.0 = Release|x64
		{B35F28E8-B9B1-41E8-A587-BF504CF0C1E6}.Release|x86.ActiveCfg = Release|Win32
		{B35F28E8-B9B1-41E8-A587-BF504CF0C1E6}.Release|x86.Build.0 = Release|Win32
		{7BFED449-88BF-4D46-81C4-D294FF27A9E6}.Debug|Any CPU.ActiveCfg = Debug|Win32
		{7BFED449-88BF-4D46-81C4-D294FF27A9E6}.Debug|x64.ActiveCfg = Debug|x64
		{7BFED449-88BF-4D46-81C4-D294FF27A9E6}.Debug|x64.Build.0 = Debug|x64
		{7BFED449-88BF-4D46-81C4-D294FF27A9E6}.Debug|x86.ActiveCfg = Debug|Win32
		{7BFED449-88BF-4D46-81C4-D294FF27A9E6}.Debug|x86.Build.0 = Debug|Win32
		{7BFED449-88BF-4D46-81C4-D294FF27A9E6}.Release|Any CPU.ActiveCfg = Release|Win32
		{7BFED449-88BF-4D46-81C4-D294FF27A9E6}.Release|x64.ActiveCfg = Release|x64
		{7BFED449-88BF-4D46-81C4-D294FF27A9E6}.Release|x64.Build.0 = Release|x64
		{7BFED449-88BF-4D46-81C4-D294FF27A9E6}.Release|x86.ActiveCfg = Release|Win32
		{7BFED449-88BF-4D46-81C4-D294FF27A9E6}.Release|x86.Build.0 = Release|Win32
		{48512206-EB40-45A4-A697-A68D12C570EA}.Debug|Any CPU.ActiveCfg = Debug|Win32
		{48512206-EB40-45A4-A697-A68D12C570EA}.Debug|x64.ActiveCfg = Debug|x64
		{48512206-EB40-45A4-A697-A68D12C570EA}.Debug|x64.Build.0 = Debug|x64
		{48512206-EB40-45A4-A697-A68D12C570EA}.Debug|x86.ActiveCfg = Debug|Win32
		{48512206-EB40-45A4-A697-A68D12C570EA}.Debug|x86.Build.0 = Debug|Win32
		{48512206-EB40-45A4-A697-A68D12C570EA}.Release|Any CPU.ActiveCfg = Release|Win32
		{48512206-EB40-45A4-A697-A68D12C570EA}.Release|x64.ActiveCfg = Release|x64
		{48512206-EB40-45A4-A697-A68D12C570EA}.Release|x64.Build.0 = Release|x64
		{48512206-EB40-45A4-A697-A68D12C570EA}.Release|x86.ActiveCfg = Release|Win32
		{48512206-EB40-45A4-A697-A68D12C570EA}.Release|x86.Build.0 = Release|Win32
	EndGlobalSection
	GlobalSection(SolutionProperties) = preSolution
		HideSolutionNode = FALSE
	EndGlobalSection
EndGlobal
